
Microsoft Visual Studio Solution File, Format Version 12.00
# Visual Studio Version 16
VisualStudioVersion = 16.0.31729.503
MinimumVisualStudioVersion = 10.0.40219.1
Project("{2150E333-8FDC-42A3-9474-1A3956D46DE8}") = "Core", "Core", "{22D6733C-7458-450E-AE0A-345C48473DE6}"
EndProject
Project("{2150E333-8FDC-42A3-9474-1A3956D46DE8}") = "Infrastructure", "Infrastructure", "{44833C83-1668-4E17-81B3-ECD49046025D}"
EndProject
Project("{2150E333-8FDC-42A3-9474-1A3956D46DE8}") = "Presentation", "Presentation", "{FA3DF987-CE57-4DD6-8BD3-E9649AA91CB7}"
EndProject
Project("{2150E333-8FDC-42A3-9474-1A3956D46DE8}") = "Tests", "Tests", "{05548F47-CD0A-44AE-AE2D-D462C459D40E}"
EndProject
Project("{9A19103F-16F7-4668-BE54-9A1E7A4F7556}") = "PetSitters.Domain", "PetSitters.Domain\PetSitters.Domain.csproj", "{8554F92D-312C-43E5-90DC-8BF02C8A0A80}"
EndProject
Project("{FAE04EC0-301F-11D3-BF4B-00C04F79EFBC}") = "PetSitters.Application", "PetSitters.Application\PetSitters.Application.csproj", "{B9891F27-CAFB-41CA-ADF2-865F4EC79E1B}"
EndProject
Project("{FAE04EC0-301F-11D3-BF4B-00C04F79EFBC}") = "PetSitters.Persistence", "PetSitters.Persistence\PetSitters.Persistence.csproj", "{E6C0F633-AE4B-4AE7-A954-493A5DA4B3E1}"
EndProject
Project("{FAE04EC0-301F-11D3-BF4B-00C04F79EFBC}") = "PetSitters.WebApi", "PetSitters.WebApi\PetSitters.WebApi.csproj", "{7B8ABC50-B8A8-4E31-9C4F-C6AEB6C1CA43}"
EndProject
Global
	GlobalSection(SolutionConfigurationPlatforms) = preSolution
		Debug|Any CPU = Debug|Any CPU
		Release|Any CPU = Release|Any CPU
	EndGlobalSection
	GlobalSection(ProjectConfigurationPlatforms) = postSolution
		{8554F92D-312C-43E5-90DC-8BF02C8A0A80}.Debug|Any CPU.ActiveCfg = Debug|Any CPU
		{8554F92D-312C-43E5-90DC-8BF02C8A0A80}.Debug|Any CPU.Build.0 = Debug|Any CPU
		{8554F92D-312C-43E5-90DC-8BF02C8A0A80}.Release|Any CPU.ActiveCfg = Release|Any CPU
		{8554F92D-312C-43E5-90DC-8BF02C8A0A80}.Release|Any CPU.Build.0 = Release|Any CPU
		{B9891F27-CAFB-41CA-ADF2-865F4EC79E1B}.Debug|Any CPU.ActiveCfg = Debug|Any CPU
		{B9891F27-CAFB-41CA-ADF2-865F4EC79E1B}.Debug|Any CPU.Build.0 = Debug|Any CPU
		{B9891F27-CAFB-41CA-ADF2-865F4EC79E1B}.Release|Any CPU.ActiveCfg = Release|Any CPU
		{B9891F27-CAFB-41CA-ADF2-865F4EC79E1B}.Release|Any CPU.Build.0 = Release|Any CPU
		{E6C0F633-AE4B-4AE7-A954-493A5DA4B3E1}.Debug|Any CPU.ActiveCfg = Debug|Any CPU
		{E6C0F633-AE4B-4AE7-A954-493A5DA4B3E1}.Debug|Any CPU.Build.0 = Debug|Any CPU
		{E6C0F633-AE4B-4AE7-A954-493A5DA4B3E1}.Release|Any CPU.ActiveCfg = Release|Any CPU
		{E6C0F633-AE4B-4AE7-A954-493A5DA4B3E1}.Release|Any CPU.Build.0 = Release|Any CPU
		{7B8ABC50-B8A8-4E31-9C4F-C6AEB6C1CA43}.Debug|Any CPU.ActiveCfg = Debug|Any CPU
		{7B8ABC50-B8A8-4E31-9C4F-C6AEB6C1CA43}.Debug|Any CPU.Build.0 = Debug|Any CPU
		{7B8ABC50-B8A8-4E31-9C4F-C6AEB6C1CA43}.Release|Any CPU.ActiveCfg = Release|Any CPU
		{7B8ABC50-B8A8-4E31-9C4F-C6AEB6C1CA43}.Release|Any CPU.Build.0 = Release|Any CPU
	EndGlobalSection
	GlobalSection(SolutionProperties) = preSolution
		HideSolutionNode = FALSE
	EndGlobalSection
	GlobalSection(NestedProjects) = preSolution
		{8554F92D-312C-43E5-90DC-8BF02C8A0A80} = {22D6733C-7458-450E-AE0A-345C48473DE6}
		{B9891F27-CAFB-41CA-ADF2-865F4EC79E1B} = {22D6733C-7458-450E-AE0A-345C48473DE6}
		{E6C0F633-AE4B-4AE7-A954-493A5DA4B3E1} = {44833C83-1668-4E17-81B3-ECD49046025D}
		{7B8ABC50-B8A8-4E31-9C4F-C6AEB6C1CA43} = {FA3DF987-CE57-4DD6-8BD3-E9649AA91CB7}
	EndGlobalSection
	GlobalSection(ExtensibilityGlobals) = postSolution
		SolutionGuid = {C4FD1035-6B7F-426A-B19B-C64063494F25}
	EndGlobalSection
EndGlobal
