
Microsoft Visual Studio Solution File, Format Version 12.00
# Visual Studio Version 16
VisualStudioVersion = 16.0.31729.503
MinimumVisualStudioVersion = 10.0.40219.1
Project("{2150E333-8FDC-42A3-9474-1A3956D46DE8}") = "Core", "Core", "{22D6733C-7458-450E-AE0A-345C48473DE6}"
EndProject
Project("{2150E333-8FDC-42A3-9474-1A3956D46DE8}") = "Infrastructure", "Infrastructure", "{44833C83-1668-4E17-81B3-ECD49046025D}"
EndProject
Project("{2150E333-8FDC-42A3-9474-1A3956D46DE8}") = "Presentation", "Presentation", "{FA3DF987-CE57-4DD6-8BD3-E9649AA91CB7}"
EndProject
Project("{2150E333-8FDC-42A3-9474-1A3956D46DE8}") = "Tests", "Tests", "{05548F47-CD0A-44AE-AE2D-D462C459D40E}"
EndProject
Project("{FAE04EC0-301F-11D3-BF4B-00C04F79EFBC}") = "PetSitters.Domain", "PetSitters.Domain\PetSitters.Domain.csproj", "{8554F92D-312C-43E5-90DC-8BF02C8A0A80}"
EndProject
Global
	GlobalSection(SolutionConfigurationPlatforms) = preSolution
		Debug|Any CPU = Debug|Any CPU
		Release|Any CPU = Release|Any CPU
	EndGlobalSection
	GlobalSection(ProjectConfigurationPlatforms) = postSolution
		{8554F92D-312C-43E5-90DC-8BF02C8A0A80}.Debug|Any CPU.ActiveCfg = Debug|Any CPU
		{8554F92D-312C-43E5-90DC-8BF02C8A0A80}.Debug|Any CPU.Build.0 = Debug|Any CPU
		{8554F92D-312C-43E5-90DC-8BF02C8A0A80}.Release|Any CPU.ActiveCfg = Release|Any CPU
		{8554F92D-312C-43E5-90DC-8BF02C8A0A80}.Release|Any CPU.Build.0 = Release|Any CPU
	EndGlobalSection
	GlobalSection(SolutionProperties) = preSolution
		HideSolutionNode = FALSE
	EndGlobalSection
	GlobalSection(NestedProjects) = preSolution
		{8554F92D-312C-43E5-90DC-8BF02C8A0A80} = {22D6733C-7458-450E-AE0A-345C48473DE6}
	EndGlobalSection
	GlobalSection(ExtensibilityGlobals) = postSolution
		SolutionGuid = {C4FD1035-6B7F-426A-B19B-C64063494F25}
	EndGlobalSection
EndGlobal
